
Microsoft Visual Studio Solution File, Format Version 12.00
# Visual Studio 2013
VisualStudioVersion = 12.0.31101.0
MinimumVisualStudioVersion = 10.0.40219.1
Project("{FAE04EC0-301F-11D3-BF4B-00C04F79EFBC}") = "Sudoku", "Sudoku\Sudoku.csproj", "{1EE23EC5-AE5B-49A4-B4E5-99E51BF6FC68}"
EndProject
Project("{FAE04EC0-301F-11D3-BF4B-00C04F79EFBC}") = "Sudoku.Test", "Sudoku.Test\Sudoku.Test.csproj", "{CAFE8A5B-32F2-431F-8643-6E0206C155E0}"
EndProject
Global
	GlobalSection(SolutionConfigurationPlatforms) = preSolution
		Debug|Any CPU = Debug|Any CPU
		Release|Any CPU = Release|Any CPU
	EndGlobalSection
	GlobalSection(ProjectConfigurationPlatforms) = postSolution
		{1EE23EC5-AE5B-49A4-B4E5-99E51BF6FC68}.Debug|Any CPU.ActiveCfg = Debug|Any CPU
		{1EE23EC5-AE5B-49A4-B4E5-99E51BF6FC68}.Debug|Any CPU.Build.0 = Debug|Any CPU
		{1EE23EC5-AE5B-49A4-B4E5-99E51BF6FC68}.Release|Any CPU.ActiveCfg = Release|Any CPU
		{1EE23EC5-AE5B-49A4-B4E5-99E51BF6FC68}.Release|Any CPU.Build.0 = Release|Any CPU
		{CAFE8A5B-32F2-431F-8643-6E0206C155E0}.Debug|Any CPU.ActiveCfg = Debug|Any CPU
		{CAFE8A5B-32F2-431F-8643-6E0206C155E0}.Debug|Any CPU.Build.0 = Debug|Any CPU
		{CAFE8A5B-32F2-431F-8643-6E0206C155E0}.Release|Any CPU.ActiveCfg = Release|Any CPU
		{CAFE8A5B-32F2-431F-8643-6E0206C155E0}.Release|Any CPU.Build.0 = Release|Any CPU
	EndGlobalSection
	GlobalSection(SolutionProperties) = preSolution
		HideSolutionNode = FALSE
	EndGlobalSection
EndGlobal
